
Microsoft Visual Studio Solution File, Format Version 12.00
# Visual Studio 15
VisualStudioVersion = 15.0.27130.2010
MinimumVisualStudioVersion = 10.0.40219.1
Project("{FAE04EC0-301F-11D3-BF4B-00C04F79EFBC}") = "Web", "Web\Web.csproj", "{89DDFF3C-AEBE-4205-9145-B64CD6A6FBBE}"
EndProject
Global
	GlobalSection(SolutionConfigurationPlatforms) = preSolution
		Debug|Any CPU = Debug|Any CPU
		Release|Any CPU = Release|Any CPU
	EndGlobalSection
	GlobalSection(ProjectConfigurationPlatforms) = postSolution
		{89DDFF3C-AEBE-4205-9145-B64CD6A6FBBE}.Debug|Any CPU.ActiveCfg = Debug|Any CPU
		{89DDFF3C-AEBE-4205-9145-B64CD6A6FBBE}.Debug|Any CPU.Build.0 = Debug|Any CPU
		{89DDFF3C-AEBE-4205-9145-B64CD6A6FBBE}.Release|Any CPU.ActiveCfg = Release|Any CPU
		{89DDFF3C-AEBE-4205-9145-B64CD6A6FBBE}.Release|Any CPU.Build.0 = Release|Any CPU
	EndGlobalSection
	GlobalSection(SolutionProperties) = preSolution
		HideSolutionNode = FALSE
	EndGlobalSection
	GlobalSection(ExtensibilityGlobals) = postSolution
		SolutionGuid = {5E92515B-C070-4674-AF67-59D25AE41ED7}
	EndGlobalSection
EndGlobal
